
Microsoft Visual Studio Solution File, Format Version 11.00
# Visual Studio 2010
Project("{F184B08F-C81C-45F6-A57F-5ABD9991F28F}") = "Pima", "Pima\Pima.vbproj", "{07CA4EC0-0EE0-4F5C-BF8C-89EFE3BDF342}"
EndProject
Global
	GlobalSection(SolutionConfigurationPlatforms) = preSolution
		Debug|x86 = Debug|x86
		Release|x86 = Release|x86
	EndGlobalSection
	GlobalSection(ProjectConfigurationPlatforms) = postSolution
		{07CA4EC0-0EE0-4F5C-BF8C-89EFE3BDF342}.Debug|x86.ActiveCfg = Debug|x86
		{07CA4EC0-0EE0-4F5C-BF8C-89EFE3BDF342}.Debug|x86.Build.0 = Debug|x86
		{07CA4EC0-0EE0-4F5C-BF8C-89EFE3BDF342}.Release|x86.ActiveCfg = Release|x86
		{07CA4EC0-0EE0-4F5C-BF8C-89EFE3BDF342}.Release|x86.Build.0 = Release|x86
	EndGlobalSection
	GlobalSection(SolutionProperties) = preSolution
		HideSolutionNode = FALSE
	EndGlobalSection
EndGlobal
